
Microsoft Visual Studio Solution File, Format Version 12.00
# Visual Studio Version 16
VisualStudioVersion = 16.0.29806.167
MinimumVisualStudioVersion = 15.0.26124.0
Project("{2150E333-8FDC-42A3-9474-1A3956D46DE8}") = "src", "src", "{F2C4E8DB-68F0-4ED3-AAAD-009183BB5ADD}"
EndProject
Project("{9A19103F-16F7-4668-BE54-9A1E7A4F7556}") = "WarHub.GodMode", "src\WarHub.GodMode\WarHub.GodMode.csproj", "{D828D047-2598-4F18-B86C-AC3382BB0506}"
EndProject
Global
	GlobalSection(SolutionConfigurationPlatforms) = preSolution
		Debug|Any CPU = Debug|Any CPU
		Debug|x64 = Debug|x64
		Debug|x86 = Debug|x86
		Release|Any CPU = Release|Any CPU
		Release|x64 = Release|x64
		Release|x86 = Release|x86
	EndGlobalSection
	GlobalSection(ProjectConfigurationPlatforms) = postSolution
		{D828D047-2598-4F18-B86C-AC3382BB0506}.Debug|Any CPU.ActiveCfg = Debug|Any CPU
		{D828D047-2598-4F18-B86C-AC3382BB0506}.Debug|Any CPU.Build.0 = Debug|Any CPU
		{D828D047-2598-4F18-B86C-AC3382BB0506}.Debug|x64.ActiveCfg = Debug|Any CPU
		{D828D047-2598-4F18-B86C-AC3382BB0506}.Debug|x64.Build.0 = Debug|Any CPU
		{D828D047-2598-4F18-B86C-AC3382BB0506}.Debug|x86.ActiveCfg = Debug|Any CPU
		{D828D047-2598-4F18-B86C-AC3382BB0506}.Debug|x86.Build.0 = Debug|Any CPU
		{D828D047-2598-4F18-B86C-AC3382BB0506}.Release|Any CPU.ActiveCfg = Release|Any CPU
		{D828D047-2598-4F18-B86C-AC3382BB0506}.Release|Any CPU.Build.0 = Release|Any CPU
		{D828D047-2598-4F18-B86C-AC3382BB0506}.Release|x64.ActiveCfg = Release|Any CPU
		{D828D047-2598-4F18-B86C-AC3382BB0506}.Release|x64.Build.0 = Release|Any CPU
		{D828D047-2598-4F18-B86C-AC3382BB0506}.Release|x86.ActiveCfg = Release|Any CPU
		{D828D047-2598-4F18-B86C-AC3382BB0506}.Release|x86.Build.0 = Release|Any CPU
	EndGlobalSection
	GlobalSection(SolutionProperties) = preSolution
		HideSolutionNode = FALSE
	EndGlobalSection
	GlobalSection(NestedProjects) = preSolution
		{D828D047-2598-4F18-B86C-AC3382BB0506} = {F2C4E8DB-68F0-4ED3-AAAD-009183BB5ADD}
	EndGlobalSection
	GlobalSection(ExtensibilityGlobals) = postSolution
		SolutionGuid = {838E0D3E-F95E-483C-BEBE-DCE7BC1A93FB}
	EndGlobalSection
EndGlobal
