
Microsoft Visual Studio Solution File, Format Version 12.00
# Visual Studio 14
VisualStudioVersion = 14.0.24720.0
MinimumVisualStudioVersion = 10.0.40219.1
Project("{2150E333-8FDC-42A3-9474-1A3956D46DE8}") = "src", "src", "{406B9FBF-01F3-4292-A861-E4A2313F46BC}"
EndProject
Project("{FAE04EC0-301F-11D3-BF4B-00C04F79EFBC}") = "WarHub.Armoury.GodMode", "src\WarHub.Armoury.GodMode\WarHub.Armoury.GodMode.csproj", "{936BBEC9-43CB-4D6A-8D97-C8A29F7B5FFE}"
EndProject
Project("{FAE04EC0-301F-11D3-BF4B-00C04F79EFBC}") = "WarHub.Armoury.GodMode.Droid", "src\WarHub.Armoury.GodMode.Droid\WarHub.Armoury.GodMode.Droid.csproj", "{A6926683-F457-4424-8B07-4ECD0A96CBE2}"
EndProject
Project("{FAE04EC0-301F-11D3-BF4B-00C04F79EFBC}") = "WarHub.Armoury.GodMode.iOS", "src\WarHub.Armoury.GodMode.iOS\WarHub.Armoury.GodMode.iOS.csproj", "{D28BD024-98B4-43A8-A489-BB7B1E65D524}"
EndProject
Project("{FAE04EC0-301F-11D3-BF4B-00C04F79EFBC}") = "WarHub.Armoury.GodMode.UWP", "src\WarHub.Armoury.GodMode.UWP\WarHub.Armoury.GodMode.UWP.csproj", "{41DACE55-2D92-4AC8-B9FD-91010A13ABF0}"
EndProject
Project("{FAE04EC0-301F-11D3-BF4B-00C04F79EFBC}") = "WarHub.Armoury.GodMode.Windows", "src\WarHub.Armoury.GodMode.Windows\WarHub.Armoury.GodMode.Windows.csproj", "{38A0278B-F91A-4AAB-A2BB-FF49CEA03A99}"
EndProject
Project("{FAE04EC0-301F-11D3-BF4B-00C04F79EFBC}") = "WarHub.Armoury.GodMode.WinPhone", "src\WarHub.Armoury.GodMode.WinPhone\WarHub.Armoury.GodMode.WinPhone.csproj", "{5B27DB6D-8793-4B40-928E-B975605FF667}"
EndProject
Global
	GlobalSection(SolutionConfigurationPlatforms) = preSolution
		Ad-Hoc|Any CPU = Ad-Hoc|Any CPU
		Ad-Hoc|ARM = Ad-Hoc|ARM
		Ad-Hoc|iPhone = Ad-Hoc|iPhone
		Ad-Hoc|iPhoneSimulator = Ad-Hoc|iPhoneSimulator
		Ad-Hoc|x64 = Ad-Hoc|x64
		Ad-Hoc|x86 = Ad-Hoc|x86
		AppStore|Any CPU = AppStore|Any CPU
		AppStore|ARM = AppStore|ARM
		AppStore|iPhone = AppStore|iPhone
		AppStore|iPhoneSimulator = AppStore|iPhoneSimulator
		AppStore|x64 = AppStore|x64
		AppStore|x86 = AppStore|x86
		Debug|Any CPU = Debug|Any CPU
		Debug|ARM = Debug|ARM
		Debug|iPhone = Debug|iPhone
		Debug|iPhoneSimulator = Debug|iPhoneSimulator
		Debug|x64 = Debug|x64
		Debug|x86 = Debug|x86
		Release|Any CPU = Release|Any CPU
		Release|ARM = Release|ARM
		Release|iPhone = Release|iPhone
		Release|iPhoneSimulator = Release|iPhoneSimulator
		Release|x64 = Release|x64
		Release|x86 = Release|x86
	EndGlobalSection
	GlobalSection(ProjectConfigurationPlatforms) = postSolution
		{936BBEC9-43CB-4D6A-8D97-C8A29F7B5FFE}.Ad-Hoc|Any CPU.ActiveCfg = Release|Any CPU
		{936BBEC9-43CB-4D6A-8D97-C8A29F7B5FFE}.Ad-Hoc|Any CPU.Build.0 = Release|Any CPU
		{936BBEC9-43CB-4D6A-8D97-C8A29F7B5FFE}.Ad-Hoc|ARM.ActiveCfg = Release|Any CPU
		{936BBEC9-43CB-4D6A-8D97-C8A29F7B5FFE}.Ad-Hoc|ARM.Build.0 = Release|Any CPU
		{936BBEC9-43CB-4D6A-8D97-C8A29F7B5FFE}.Ad-Hoc|iPhone.ActiveCfg = Release|Any CPU
		{936BBEC9-43CB-4D6A-8D97-C8A29F7B5FFE}.Ad-Hoc|iPhone.Build.0 = Release|Any CPU
		{936BBEC9-43CB-4D6A-8D97-C8A29F7B5FFE}.Ad-Hoc|iPhoneSimulator.ActiveCfg = Release|Any CPU
		{936BBEC9-43CB-4D6A-8D97-C8A29F7B5FFE}.Ad-Hoc|iPhoneSimulator.Build.0 = Release|Any CPU
		{936BBEC9-43CB-4D6A-8D97-C8A29F7B5FFE}.Ad-Hoc|x64.ActiveCfg = Release|Any CPU
		{936BBEC9-43CB-4D6A-8D97-C8A29F7B5FFE}.Ad-Hoc|x64.Build.0 = Release|Any CPU
		{936BBEC9-43CB-4D6A-8D97-C8A29F7B5FFE}.Ad-Hoc|x86.ActiveCfg = Release|Any CPU
		{936BBEC9-43CB-4D6A-8D97-C8A29F7B5FFE}.Ad-Hoc|x86.Build.0 = Release|Any CPU
		{936BBEC9-43CB-4D6A-8D97-C8A29F7B5FFE}.AppStore|Any CPU.ActiveCfg = Release|Any CPU
		{936BBEC9-43CB-4D6A-8D97-C8A29F7B5FFE}.AppStore|Any CPU.Build.0 = Release|Any CPU
		{936BBEC9-43CB-4D6A-8D97-C8A29F7B5FFE}.AppStore|ARM.ActiveCfg = Release|Any CPU
		{936BBEC9-43CB-4D6A-8D97-C8A29F7B5FFE}.AppStore|ARM.Build.0 = Release|Any CPU
		{936BBEC9-43CB-4D6A-8D97-C8A29F7B5FFE}.AppStore|iPhone.ActiveCfg = Release|Any CPU
		{936BBEC9-43CB-4D6A-8D97-C8A29F7B5FFE}.AppStore|iPhone.Build.0 = Release|Any CPU
		{936BBEC9-43CB-4D6A-8D97-C8A29F7B5FFE}.AppStore|iPhoneSimulator.ActiveCfg = Release|Any CPU
		{936BBEC9-43CB-4D6A-8D97-C8A29F7B5FFE}.AppStore|iPhoneSimulator.Build.0 = Release|Any CPU
		{936BBEC9-43CB-4D6A-8D97-C8A29F7B5FFE}.AppStore|x64.ActiveCfg = Release|Any CPU
		{936BBEC9-43CB-4D6A-8D97-C8A29F7B5FFE}.AppStore|x64.Build.0 = Release|Any CPU
		{936BBEC9-43CB-4D6A-8D97-C8A29F7B5FFE}.AppStore|x86.ActiveCfg = Release|Any CPU
		{936BBEC9-43CB-4D6A-8D97-C8A29F7B5FFE}.AppStore|x86.Build.0 = Release|Any CPU
		{936BBEC9-43CB-4D6A-8D97-C8A29F7B5FFE}.Debug|Any CPU.ActiveCfg = Debug|Any CPU
		{936BBEC9-43CB-4D6A-8D97-C8A29F7B5FFE}.Debug|Any CPU.Build.0 = Debug|Any CPU
		{936BBEC9-43CB-4D6A-8D97-C8A29F7B5FFE}.Debug|ARM.ActiveCfg = Debug|Any CPU
		{936BBEC9-43CB-4D6A-8D97-C8A29F7B5FFE}.Debug|ARM.Build.0 = Debug|Any CPU
		{936BBEC9-43CB-4D6A-8D97-C8A29F7B5FFE}.Debug|iPhone.ActiveCfg = Debug|Any CPU
		{936BBEC9-43CB-4D6A-8D97-C8A29F7B5FFE}.Debug|iPhone.Build.0 = Debug|Any CPU
		{936BBEC9-43CB-4D6A-8D97-C8A29F7B5FFE}.Debug|iPhoneSimulator.ActiveCfg = Debug|Any CPU
		{936BBEC9-43CB-4D6A-8D97-C8A29F7B5FFE}.Debug|iPhoneSimulator.Build.0 = Debug|Any CPU
		{936BBEC9-43CB-4D6A-8D97-C8A29F7B5FFE}.Debug|x64.ActiveCfg = Debug|Any CPU
		{936BBEC9-43CB-4D6A-8D97-C8A29F7B5FFE}.Debug|x64.Build.0 = Debug|Any CPU
		{936BBEC9-43CB-4D6A-8D97-C8A29F7B5FFE}.Debug|x86.ActiveCfg = Debug|Any CPU
		{936BBEC9-43CB-4D6A-8D97-C8A29F7B5FFE}.Debug|x86.Build.0 = Debug|Any CPU
		{936BBEC9-43CB-4D6A-8D97-C8A29F7B5FFE}.Release|Any CPU.ActiveCfg = Release|Any CPU
		{936BBEC9-43CB-4D6A-8D97-C8A29F7B5FFE}.Release|Any CPU.Build.0 = Release|Any CPU
		{936BBEC9-43CB-4D6A-8D97-C8A29F7B5FFE}.Release|ARM.ActiveCfg = Release|Any CPU
		{936BBEC9-43CB-4D6A-8D97-C8A29F7B5FFE}.Release|ARM.Build.0 = Release|Any CPU
		{936BBEC9-43CB-4D6A-8D97-C8A29F7B5FFE}.Release|iPhone.ActiveCfg = Release|Any CPU
		{936BBEC9-43CB-4D6A-8D97-C8A29F7B5FFE}.Release|iPhone.Build.0 = Release|Any CPU
		{936BBEC9-43CB-4D6A-8D97-C8A29F7B5FFE}.Release|iPhoneSimulator.ActiveCfg = Release|Any CPU
		{936BBEC9-43CB-4D6A-8D97-C8A29F7B5FFE}.Release|iPhoneSimulator.Build.0 = Release|Any CPU
		{936BBEC9-43CB-4D6A-8D97-C8A29F7B5FFE}.Release|x64.ActiveCfg = Release|Any CPU
		{936BBEC9-43CB-4D6A-8D97-C8A29F7B5FFE}.Release|x64.Build.0 = Release|Any CPU
		{936BBEC9-43CB-4D6A-8D97-C8A29F7B5FFE}.Release|x86.ActiveCfg = Release|Any CPU
		{936BBEC9-43CB-4D6A-8D97-C8A29F7B5FFE}.Release|x86.Build.0 = Release|Any CPU
		{A6926683-F457-4424-8B07-4ECD0A96CBE2}.Ad-Hoc|Any CPU.ActiveCfg = Release|Any CPU
		{A6926683-F457-4424-8B07-4ECD0A96CBE2}.Ad-Hoc|Any CPU.Build.0 = Release|Any CPU
		{A6926683-F457-4424-8B07-4ECD0A96CBE2}.Ad-Hoc|Any CPU.Deploy.0 = Release|Any CPU
		{A6926683-F457-4424-8B07-4ECD0A96CBE2}.Ad-Hoc|ARM.ActiveCfg = Release|Any CPU
		{A6926683-F457-4424-8B07-4ECD0A96CBE2}.Ad-Hoc|ARM.Build.0 = Release|Any CPU
		{A6926683-F457-4424-8B07-4ECD0A96CBE2}.Ad-Hoc|ARM.Deploy.0 = Release|Any CPU
		{A6926683-F457-4424-8B07-4ECD0A96CBE2}.Ad-Hoc|iPhone.ActiveCfg = Release|Any CPU
		{A6926683-F457-4424-8B07-4ECD0A96CBE2}.Ad-Hoc|iPhone.Build.0 = Release|Any CPU
		{A6926683-F457-4424-8B07-4ECD0A96CBE2}.Ad-Hoc|iPhone.Deploy.0 = Release|Any CPU
		{A6926683-F457-4424-8B07-4ECD0A96CBE2}.Ad-Hoc|iPhoneSimulator.ActiveCfg = Release|Any CPU
		{A6926683-F457-4424-8B07-4ECD0A96CBE2}.Ad-Hoc|iPhoneSimulator.Build.0 = Release|Any CPU
		{A6926683-F457-4424-8B07-4ECD0A96CBE2}.Ad-Hoc|iPhoneSimulator.Deploy.0 = Release|Any CPU
		{A6926683-F457-4424-8B07-4ECD0A96CBE2}.Ad-Hoc|x64.ActiveCfg = Release|Any CPU
		{A6926683-F457-4424-8B07-4ECD0A96CBE2}.Ad-Hoc|x64.Build.0 = Release|Any CPU
		{A6926683-F457-4424-8B07-4ECD0A96CBE2}.Ad-Hoc|x64.Deploy.0 = Release|Any CPU
		{A6926683-F457-4424-8B07-4ECD0A96CBE2}.Ad-Hoc|x86.ActiveCfg = Release|Any CPU
		{A6926683-F457-4424-8B07-4ECD0A96CBE2}.Ad-Hoc|x86.Build.0 = Release|Any CPU
		{A6926683-F457-4424-8B07-4ECD0A96CBE2}.Ad-Hoc|x86.Deploy.0 = Release|Any CPU
		{A6926683-F457-4424-8B07-4ECD0A96CBE2}.AppStore|Any CPU.ActiveCfg = Release|Any CPU
		{A6926683-F457-4424-8B07-4ECD0A96CBE2}.AppStore|Any CPU.Build.0 = Release|Any CPU
		{A6926683-F457-4424-8B07-4ECD0A96CBE2}.AppStore|Any CPU.Deploy.0 = Release|Any CPU
		{A6926683-F457-4424-8B07-4ECD0A96CBE2}.AppStore|ARM.ActiveCfg = Release|Any CPU
		{A6926683-F457-4424-8B07-4ECD0A96CBE2}.AppStore|ARM.Build.0 = Release|Any CPU
		{A6926683-F457-4424-8B07-4ECD0A96CBE2}.AppStore|ARM.Deploy.0 = Release|Any CPU
		{A6926683-F457-4424-8B07-4ECD0A96CBE2}.AppStore|iPhone.ActiveCfg = Release|Any CPU
		{A6926683-F457-4424-8B07-4ECD0A96CBE2}.AppStore|iPhone.Build.0 = Release|Any CPU
		{A6926683-F457-4424-8B07-4ECD0A96CBE2}.AppStore|iPhone.Deploy.0 = Release|Any CPU
		{A6926683-F457-4424-8B07-4ECD0A96CBE2}.AppStore|iPhoneSimulator.ActiveCfg = Release|Any CPU
		{A6926683-F457-4424-8B07-4ECD0A96CBE2}.AppStore|iPhoneSimulator.Build.0 = Release|Any CPU
		{A6926683-F457-4424-8B07-4ECD0A96CBE2}.AppStore|iPhoneSimulator.Deploy.0 = Release|Any CPU
		{A6926683-F457-4424-8B07-4ECD0A96CBE2}.AppStore|x64.ActiveCfg = Release|Any CPU
		{A6926683-F457-4424-8B07-4ECD0A96CBE2}.AppStore|x64.Build.0 = Release|Any CPU
		{A6926683-F457-4424-8B07-4ECD0A96CBE2}.AppStore|x64.Deploy.0 = Release|Any CPU
		{A6926683-F457-4424-8B07-4ECD0A96CBE2}.AppStore|x86.ActiveCfg = Release|Any CPU
		{A6926683-F457-4424-8B07-4ECD0A96CBE2}.AppStore|x86.Build.0 = Release|Any CPU
		{A6926683-F457-4424-8B07-4ECD0A96CBE2}.AppStore|x86.Deploy.0 = Release|Any CPU
		{A6926683-F457-4424-8B07-4ECD0A96CBE2}.Debug|Any CPU.ActiveCfg = Debug|Any CPU
		{A6926683-F457-4424-8B07-4ECD0A96CBE2}.Debug|Any CPU.Build.0 = Debug|Any CPU
		{A6926683-F457-4424-8B07-4ECD0A96CBE2}.Debug|Any CPU.Deploy.0 = Debug|Any CPU
		{A6926683-F457-4424-8B07-4ECD0A96CBE2}.Debug|ARM.ActiveCfg = Debug|Any CPU
		{A6926683-F457-4424-8B07-4ECD0A96CBE2}.Debug|ARM.Build.0 = Debug|Any CPU
		{A6926683-F457-4424-8B07-4ECD0A96CBE2}.Debug|ARM.Deploy.0 = Debug|Any CPU
		{A6926683-F457-4424-8B07-4ECD0A96CBE2}.Debug|iPhone.ActiveCfg = Debug|Any CPU
		{A6926683-F457-4424-8B07-4ECD0A96CBE2}.Debug|iPhone.Build.0 = Debug|Any CPU
		{A6926683-F457-4424-8B07-4ECD0A96CBE2}.Debug|iPhone.Deploy.0 = Debug|Any CPU
		{A6926683-F457-4424-8B07-4ECD0A96CBE2}.Debug|iPhoneSimulator.ActiveCfg = Debug|Any CPU
		{A6926683-F457-4424-8B07-4ECD0A96CBE2}.Debug|iPhoneSimulator.Build.0 = Debug|Any CPU
		{A6926683-F457-4424-8B07-4ECD0A96CBE2}.Debug|iPhoneSimulator.Deploy.0 = Debug|Any CPU
		{A6926683-F457-4424-8B07-4ECD0A96CBE2}.Debug|x64.ActiveCfg = Debug|Any CPU
		{A6926683-F457-4424-8B07-4ECD0A96CBE2}.Debug|x64.Build.0 = Debug|Any CPU
		{A6926683-F457-4424-8B07-4ECD0A96CBE2}.Debug|x64.Deploy.0 = Debug|Any CPU
		{A6926683-F457-4424-8B07-4ECD0A96CBE2}.Debug|x86.ActiveCfg = Debug|Any CPU
		{A6926683-F457-4424-8B07-4ECD0A96CBE2}.Debug|x86.Build.0 = Debug|Any CPU
		{A6926683-F457-4424-8B07-4ECD0A96CBE2}.Debug|x86.Deploy.0 = Debug|Any CPU
		{A6926683-F457-4424-8B07-4ECD0A96CBE2}.Release|Any CPU.ActiveCfg = Release|Any CPU
		{A6926683-F457-4424-8B07-4ECD0A96CBE2}.Release|Any CPU.Build.0 = Release|Any CPU
		{A6926683-F457-4424-8B07-4ECD0A96CBE2}.Release|Any CPU.Deploy.0 = Release|Any CPU
		{A6926683-F457-4424-8B07-4ECD0A96CBE2}.Release|ARM.ActiveCfg = Release|Any CPU
		{A6926683-F457-4424-8B07-4ECD0A96CBE2}.Release|ARM.Build.0 = Release|Any CPU
		{A6926683-F457-4424-8B07-4ECD0A96CBE2}.Release|ARM.Deploy.0 = Release|Any CPU
		{A6926683-F457-4424-8B07-4ECD0A96CBE2}.Release|iPhone.ActiveCfg = Release|Any CPU
		{A6926683-F457-4424-8B07-4ECD0A96CBE2}.Release|iPhone.Build.0 = Release|Any CPU
		{A6926683-F457-4424-8B07-4ECD0A96CBE2}.Release|iPhone.Deploy.0 = Release|Any CPU
		{A6926683-F457-4424-8B07-4ECD0A96CBE2}.Release|iPhoneSimulator.ActiveCfg = Release|Any CPU
		{A6926683-F457-4424-8B07-4ECD0A96CBE2}.Release|iPhoneSimulator.Build.0 = Release|Any CPU
		{A6926683-F457-4424-8B07-4ECD0A96CBE2}.Release|iPhoneSimulator.Deploy.0 = Release|Any CPU
		{A6926683-F457-4424-8B07-4ECD0A96CBE2}.Release|x64.ActiveCfg = Release|Any CPU
		{A6926683-F457-4424-8B07-4ECD0A96CBE2}.Release|x64.Build.0 = Release|Any CPU
		{A6926683-F457-4424-8B07-4ECD0A96CBE2}.Release|x64.Deploy.0 = Release|Any CPU
		{A6926683-F457-4424-8B07-4ECD0A96CBE2}.Release|x86.ActiveCfg = Release|Any CPU
		{A6926683-F457-4424-8B07-4ECD0A96CBE2}.Release|x86.Build.0 = Release|Any CPU
		{A6926683-F457-4424-8B07-4ECD0A96CBE2}.Release|x86.Deploy.0 = Release|Any CPU
		{D28BD024-98B4-43A8-A489-BB7B1E65D524}.Ad-Hoc|Any CPU.ActiveCfg = Ad-Hoc|iPhone
		{D28BD024-98B4-43A8-A489-BB7B1E65D524}.Ad-Hoc|ARM.ActiveCfg = Ad-Hoc|iPhone
		{D28BD024-98B4-43A8-A489-BB7B1E65D524}.Ad-Hoc|iPhone.ActiveCfg = Ad-Hoc|iPhone
		{D28BD024-98B4-43A8-A489-BB7B1E65D524}.Ad-Hoc|iPhone.Build.0 = Ad-Hoc|iPhone
		{D28BD024-98B4-43A8-A489-BB7B1E65D524}.Ad-Hoc|iPhoneSimulator.ActiveCfg = Ad-Hoc|iPhoneSimulator
		{D28BD024-98B4-43A8-A489-BB7B1E65D524}.Ad-Hoc|iPhoneSimulator.Build.0 = Ad-Hoc|iPhoneSimulator
		{D28BD024-98B4-43A8-A489-BB7B1E65D524}.Ad-Hoc|x64.ActiveCfg = Ad-Hoc|iPhone
		{D28BD024-98B4-43A8-A489-BB7B1E65D524}.Ad-Hoc|x86.ActiveCfg = Ad-Hoc|iPhone
		{D28BD024-98B4-43A8-A489-BB7B1E65D524}.AppStore|Any CPU.ActiveCfg = AppStore|iPhone
		{D28BD024-98B4-43A8-A489-BB7B1E65D524}.AppStore|ARM.ActiveCfg = AppStore|iPhone
		{D28BD024-98B4-43A8-A489-BB7B1E65D524}.AppStore|iPhone.ActiveCfg = AppStore|iPhone
		{D28BD024-98B4-43A8-A489-BB7B1E65D524}.AppStore|iPhone.Build.0 = AppStore|iPhone
		{D28BD024-98B4-43A8-A489-BB7B1E65D524}.AppStore|iPhoneSimulator.ActiveCfg = AppStore|iPhoneSimulator
		{D28BD024-98B4-43A8-A489-BB7B1E65D524}.AppStore|iPhoneSimulator.Build.0 = AppStore|iPhoneSimulator
		{D28BD024-98B4-43A8-A489-BB7B1E65D524}.AppStore|x64.ActiveCfg = AppStore|iPhone
		{D28BD024-98B4-43A8-A489-BB7B1E65D524}.AppStore|x86.ActiveCfg = AppStore|iPhone
		{D28BD024-98B4-43A8-A489-BB7B1E65D524}.Debug|Any CPU.ActiveCfg = Debug|iPhone
		{D28BD024-98B4-43A8-A489-BB7B1E65D524}.Debug|ARM.ActiveCfg = Debug|iPhone
		{D28BD024-98B4-43A8-A489-BB7B1E65D524}.Debug|iPhone.ActiveCfg = Debug|iPhone
		{D28BD024-98B4-43A8-A489-BB7B1E65D524}.Debug|iPhone.Build.0 = Debug|iPhone
		{D28BD024-98B4-43A8-A489-BB7B1E65D524}.Debug|iPhoneSimulator.ActiveCfg = Debug|iPhoneSimulator
		{D28BD024-98B4-43A8-A489-BB7B1E65D524}.Debug|iPhoneSimulator.Build.0 = Debug|iPhoneSimulator
		{D28BD024-98B4-43A8-A489-BB7B1E65D524}.Debug|x64.ActiveCfg = Debug|iPhone
		{D28BD024-98B4-43A8-A489-BB7B1E65D524}.Debug|x86.ActiveCfg = Debug|iPhone
		{D28BD024-98B4-43A8-A489-BB7B1E65D524}.Release|Any CPU.ActiveCfg = Release|iPhone
		{D28BD024-98B4-43A8-A489-BB7B1E65D524}.Release|ARM.ActiveCfg = Release|iPhone
		{D28BD024-98B4-43A8-A489-BB7B1E65D524}.Release|iPhone.ActiveCfg = Release|iPhone
		{D28BD024-98B4-43A8-A489-BB7B1E65D524}.Release|iPhone.Build.0 = Release|iPhone
		{D28BD024-98B4-43A8-A489-BB7B1E65D524}.Release|iPhoneSimulator.ActiveCfg = Release|iPhoneSimulator
		{D28BD024-98B4-43A8-A489-BB7B1E65D524}.Release|iPhoneSimulator.Build.0 = Release|iPhoneSimulator
		{D28BD024-98B4-43A8-A489-BB7B1E65D524}.Release|x64.ActiveCfg = Release|iPhone
		{D28BD024-98B4-43A8-A489-BB7B1E65D524}.Release|x86.ActiveCfg = Release|iPhone
		{41DACE55-2D92-4AC8-B9FD-91010A13ABF0}.Ad-Hoc|Any CPU.ActiveCfg = Release|x86
		{41DACE55-2D92-4AC8-B9FD-91010A13ABF0}.Ad-Hoc|Any CPU.Build.0 = Release|x86
		{41DACE55-2D92-4AC8-B9FD-91010A13ABF0}.Ad-Hoc|Any CPU.Deploy.0 = Release|x86
		{41DACE55-2D92-4AC8-B9FD-91010A13ABF0}.Ad-Hoc|ARM.ActiveCfg = Release|ARM
		{41DACE55-2D92-4AC8-B9FD-91010A13ABF0}.Ad-Hoc|ARM.Build.0 = Release|ARM
		{41DACE55-2D92-4AC8-B9FD-91010A13ABF0}.Ad-Hoc|ARM.Deploy.0 = Release|ARM
		{41DACE55-2D92-4AC8-B9FD-91010A13ABF0}.Ad-Hoc|iPhone.ActiveCfg = Release|x86
		{41DACE55-2D92-4AC8-B9FD-91010A13ABF0}.Ad-Hoc|iPhone.Build.0 = Release|x86
		{41DACE55-2D92-4AC8-B9FD-91010A13ABF0}.Ad-Hoc|iPhone.Deploy.0 = Release|x86
		{41DACE55-2D92-4AC8-B9FD-91010A13ABF0}.Ad-Hoc|iPhoneSimulator.ActiveCfg = Release|x86
		{41DACE55-2D92-4AC8-B9FD-91010A13ABF0}.Ad-Hoc|iPhoneSimulator.Build.0 = Release|x86
		{41DACE55-2D92-4AC8-B9FD-91010A13ABF0}.Ad-Hoc|iPhoneSimulator.Deploy.0 = Release|x86
		{41DACE55-2D92-4AC8-B9FD-91010A13ABF0}.Ad-Hoc|x64.ActiveCfg = Release|x64
		{41DACE55-2D92-4AC8-B9FD-91010A13ABF0}.Ad-Hoc|x64.Build.0 = Release|x64
		{41DACE55-2D92-4AC8-B9FD-91010A13ABF0}.Ad-Hoc|x64.Deploy.0 = Release|x64
		{41DACE55-2D92-4AC8-B9FD-91010A13ABF0}.Ad-Hoc|x86.ActiveCfg = Release|x86
		{41DACE55-2D92-4AC8-B9FD-91010A13ABF0}.Ad-Hoc|x86.Build.0 = Release|x86
		{41DACE55-2D92-4AC8-B9FD-91010A13ABF0}.Ad-Hoc|x86.Deploy.0 = Release|x86
		{41DACE55-2D92-4AC8-B9FD-91010A13ABF0}.AppStore|Any CPU.ActiveCfg = Release|x86
		{41DACE55-2D92-4AC8-B9FD-91010A13ABF0}.AppStore|Any CPU.Build.0 = Release|x86
		{41DACE55-2D92-4AC8-B9FD-91010A13ABF0}.AppStore|Any CPU.Deploy.0 = Release|x86
		{41DACE55-2D92-4AC8-B9FD-91010A13ABF0}.AppStore|ARM.ActiveCfg = Release|ARM
		{41DACE55-2D92-4AC8-B9FD-91010A13ABF0}.AppStore|ARM.Build.0 = Release|ARM
		{41DACE55-2D92-4AC8-B9FD-91010A13ABF0}.AppStore|ARM.Deploy.0 = Release|ARM
		{41DACE55-2D92-4AC8-B9FD-91010A13ABF0}.AppStore|iPhone.ActiveCfg = Release|x86
		{41DACE55-2D92-4AC8-B9FD-91010A13ABF0}.AppStore|iPhone.Build.0 = Release|x86
		{41DACE55-2D92-4AC8-B9FD-91010A13ABF0}.AppStore|iPhone.Deploy.0 = Release|x86
		{41DACE55-2D92-4AC8-B9FD-91010A13ABF0}.AppStore|iPhoneSimulator.ActiveCfg = Release|x86
		{41DACE55-2D92-4AC8-B9FD-91010A13ABF0}.AppStore|iPhoneSimulator.Build.0 = Release|x86
		{41DACE55-2D92-4AC8-B9FD-91010A13ABF0}.AppStore|iPhoneSimulator.Deploy.0 = Release|x86
		{41DACE55-2D92-4AC8-B9FD-91010A13ABF0}.AppStore|x64.ActiveCfg = Release|x64
		{41DACE55-2D92-4AC8-B9FD-91010A13ABF0}.AppStore|x64.Build.0 = Release|x64
		{41DACE55-2D92-4AC8-B9FD-91010A13ABF0}.AppStore|x64.Deploy.0 = Release|x64
		{41DACE55-2D92-4AC8-B9FD-91010A13ABF0}.AppStore|x86.ActiveCfg = Release|x86
		{41DACE55-2D92-4AC8-B9FD-91010A13ABF0}.AppStore|x86.Build.0 = Release|x86
		{41DACE55-2D92-4AC8-B9FD-91010A13ABF0}.AppStore|x86.Deploy.0 = Release|x86
		{41DACE55-2D92-4AC8-B9FD-91010A13ABF0}.Debug|Any CPU.ActiveCfg = Debug|x86
		{41DACE55-2D92-4AC8-B9FD-91010A13ABF0}.Debug|ARM.ActiveCfg = Debug|ARM
		{41DACE55-2D92-4AC8-B9FD-91010A13ABF0}.Debug|ARM.Build.0 = Debug|ARM
		{41DACE55-2D92-4AC8-B9FD-91010A13ABF0}.Debug|ARM.Deploy.0 = Debug|ARM
		{41DACE55-2D92-4AC8-B9FD-91010A13ABF0}.Debug|iPhone.ActiveCfg = Debug|x86
		{41DACE55-2D92-4AC8-B9FD-91010A13ABF0}.Debug|iPhoneSimulator.ActiveCfg = Debug|x86
		{41DACE55-2D92-4AC8-B9FD-91010A13ABF0}.Debug|x64.ActiveCfg = Debug|x64
		{41DACE55-2D92-4AC8-B9FD-91010A13ABF0}.Debug|x64.Build.0 = Debug|x64
		{41DACE55-2D92-4AC8-B9FD-91010A13ABF0}.Debug|x64.Deploy.0 = Debug|x64
		{41DACE55-2D92-4AC8-B9FD-91010A13ABF0}.Debug|x86.ActiveCfg = Debug|x86
		{41DACE55-2D92-4AC8-B9FD-91010A13ABF0}.Debug|x86.Build.0 = Debug|x86
		{41DACE55-2D92-4AC8-B9FD-91010A13ABF0}.Debug|x86.Deploy.0 = Debug|x86
		{41DACE55-2D92-4AC8-B9FD-91010A13ABF0}.Release|Any CPU.ActiveCfg = Release|x86
		{41DACE55-2D92-4AC8-B9FD-91010A13ABF0}.Release|ARM.ActiveCfg = Release|ARM
		{41DACE55-2D92-4AC8-B9FD-91010A13ABF0}.Release|ARM.Build.0 = Release|ARM
		{41DACE55-2D92-4AC8-B9FD-91010A13ABF0}.Release|ARM.Deploy.0 = Release|ARM
		{41DACE55-2D92-4AC8-B9FD-91010A13ABF0}.Release|iPhone.ActiveCfg = Release|x86
		{41DACE55-2D92-4AC8-B9FD-91010A13ABF0}.Release|iPhoneSimulator.ActiveCfg = Release|x86
		{41DACE55-2D92-4AC8-B9FD-91010A13ABF0}.Release|x64.ActiveCfg = Release|x64
		{41DACE55-2D92-4AC8-B9FD-91010A13ABF0}.Release|x64.Build.0 = Release|x64
		{41DACE55-2D92-4AC8-B9FD-91010A13ABF0}.Release|x64.Deploy.0 = Release|x64
		{41DACE55-2D92-4AC8-B9FD-91010A13ABF0}.Release|x86.ActiveCfg = Release|x86
		{41DACE55-2D92-4AC8-B9FD-91010A13ABF0}.Release|x86.Build.0 = Release|x86
		{41DACE55-2D92-4AC8-B9FD-91010A13ABF0}.Release|x86.Deploy.0 = Release|x86
		{38A0278B-F91A-4AAB-A2BB-FF49CEA03A99}.Ad-Hoc|Any CPU.ActiveCfg = Release|Any CPU
		{38A0278B-F91A-4AAB-A2BB-FF49CEA03A99}.Ad-Hoc|Any CPU.Build.0 = Release|Any CPU
		{38A0278B-F91A-4AAB-A2BB-FF49CEA03A99}.Ad-Hoc|Any CPU.Deploy.0 = Release|Any CPU
		{38A0278B-F91A-4AAB-A2BB-FF49CEA03A99}.Ad-Hoc|ARM.ActiveCfg = Release|ARM
		{38A0278B-F91A-4AAB-A2BB-FF49CEA03A99}.Ad-Hoc|ARM.Build.0 = Release|ARM
		{38A0278B-F91A-4AAB-A2BB-FF49CEA03A99}.Ad-Hoc|ARM.Deploy.0 = Release|ARM
		{38A0278B-F91A-4AAB-A2BB-FF49CEA03A99}.Ad-Hoc|iPhone.ActiveCfg = Release|Any CPU
		{38A0278B-F91A-4AAB-A2BB-FF49CEA03A99}.Ad-Hoc|iPhone.Build.0 = Release|Any CPU
		{38A0278B-F91A-4AAB-A2BB-FF49CEA03A99}.Ad-Hoc|iPhone.Deploy.0 = Release|Any CPU
		{38A0278B-F91A-4AAB-A2BB-FF49CEA03A99}.Ad-Hoc|iPhoneSimulator.ActiveCfg = Release|Any CPU
		{38A0278B-F91A-4AAB-A2BB-FF49CEA03A99}.Ad-Hoc|iPhoneSimulator.Build.0 = Release|Any CPU
		{38A0278B-F91A-4AAB-A2BB-FF49CEA03A99}.Ad-Hoc|iPhoneSimulator.Deploy.0 = Release|Any CPU
		{38A0278B-F91A-4AAB-A2BB-FF49CEA03A99}.Ad-Hoc|x64.ActiveCfg = Release|x64
		{38A0278B-F91A-4AAB-A2BB-FF49CEA03A99}.Ad-Hoc|x64.Build.0 = Release|x64
		{38A0278B-F91A-4AAB-A2BB-FF49CEA03A99}.Ad-Hoc|x64.Deploy.0 = Release|x64
		{38A0278B-F91A-4AAB-A2BB-FF49CEA03A99}.Ad-Hoc|x86.ActiveCfg = Release|x86
		{38A0278B-F91A-4AAB-A2BB-FF49CEA03A99}.Ad-Hoc|x86.Build.0 = Release|x86
		{38A0278B-F91A-4AAB-A2BB-FF49CEA03A99}.Ad-Hoc|x86.Deploy.0 = Release|x86
		{38A0278B-F91A-4AAB-A2BB-FF49CEA03A99}.AppStore|Any CPU.ActiveCfg = Release|Any CPU
		{38A0278B-F91A-4AAB-A2BB-FF49CEA03A99}.AppStore|Any CPU.Build.0 = Release|Any CPU
		{38A0278B-F91A-4AAB-A2BB-FF49CEA03A99}.AppStore|Any CPU.Deploy.0 = Release|Any CPU
		{38A0278B-F91A-4AAB-A2BB-FF49CEA03A99}.AppStore|ARM.ActiveCfg = Release|ARM
		{38A0278B-F91A-4AAB-A2BB-FF49CEA03A99}.AppStore|ARM.Build.0 = Release|ARM
		{38A0278B-F91A-4AAB-A2BB-FF49CEA03A99}.AppStore|ARM.Deploy.0 = Release|ARM
		{38A0278B-F91A-4AAB-A2BB-FF49CEA03A99}.AppStore|iPhone.ActiveCfg = Release|Any CPU
		{38A0278B-F91A-4AAB-A2BB-FF49CEA03A99}.AppStore|iPhone.Build.0 = Release|Any CPU
		{38A0278B-F91A-4AAB-A2BB-FF49CEA03A99}.AppStore|iPhone.Deploy.0 = Release|Any CPU
		{38A0278B-F91A-4AAB-A2BB-FF49CEA03A99}.AppStore|iPhoneSimulator.ActiveCfg = Release|Any CPU
		{38A0278B-F91A-4AAB-A2BB-FF49CEA03A99}.AppStore|iPhoneSimulator.Build.0 = Release|Any CPU
		{38A0278B-F91A-4AAB-A2BB-FF49CEA03A99}.AppStore|iPhoneSimulator.Deploy.0 = Release|Any CPU
		{38A0278B-F91A-4AAB-A2BB-FF49CEA03A99}.AppStore|x64.ActiveCfg = Release|x64
		{38A0278B-F91A-4AAB-A2BB-FF49CEA03A99}.AppStore|x64.Build.0 = Release|x64
		{38A0278B-F91A-4AAB-A2BB-FF49CEA03A99}.AppStore|x64.Deploy.0 = Release|x64
		{38A0278B-F91A-4AAB-A2BB-FF49CEA03A99}.AppStore|x86.ActiveCfg = Release|x86
		{38A0278B-F91A-4AAB-A2BB-FF49CEA03A99}.AppStore|x86.Build.0 = Release|x86
		{38A0278B-F91A-4AAB-A2BB-FF49CEA03A99}.AppStore|x86.Deploy.0 = Release|x86
		{38A0278B-F91A-4AAB-A2BB-FF49CEA03A99}.Debug|Any CPU.ActiveCfg = Debug|Any CPU
		{38A0278B-F91A-4AAB-A2BB-FF49CEA03A99}.Debug|Any CPU.Build.0 = Debug|Any CPU
		{38A0278B-F91A-4AAB-A2BB-FF49CEA03A99}.Debug|Any CPU.Deploy.0 = Debug|Any CPU
		{38A0278B-F91A-4AAB-A2BB-FF49CEA03A99}.Debug|ARM.ActiveCfg = Debug|ARM
		{38A0278B-F91A-4AAB-A2BB-FF49CEA03A99}.Debug|ARM.Build.0 = Debug|ARM
		{38A0278B-F91A-4AAB-A2BB-FF49CEA03A99}.Debug|ARM.Deploy.0 = Debug|ARM
		{38A0278B-F91A-4AAB-A2BB-FF49CEA03A99}.Debug|iPhone.ActiveCfg = Debug|Any CPU
		{38A0278B-F91A-4AAB-A2BB-FF49CEA03A99}.Debug|iPhone.Build.0 = Debug|Any CPU
		{38A0278B-F91A-4AAB-A2BB-FF49CEA03A99}.Debug|iPhone.Deploy.0 = Debug|Any CPU
		{38A0278B-F91A-4AAB-A2BB-FF49CEA03A99}.Debug|iPhoneSimulator.ActiveCfg = Debug|Any CPU
		{38A0278B-F91A-4AAB-A2BB-FF49CEA03A99}.Debug|iPhoneSimulator.Build.0 = Debug|Any CPU
		{38A0278B-F91A-4AAB-A2BB-FF49CEA03A99}.Debug|iPhoneSimulator.Deploy.0 = Debug|Any CPU
		{38A0278B-F91A-4AAB-A2BB-FF49CEA03A99}.Debug|x64.ActiveCfg = Debug|x64
		{38A0278B-F91A-4AAB-A2BB-FF49CEA03A99}.Debug|x64.Build.0 = Debug|x64
		{38A0278B-F91A-4AAB-A2BB-FF49CEA03A99}.Debug|x64.Deploy.0 = Debug|x64
		{38A0278B-F91A-4AAB-A2BB-FF49CEA03A99}.Debug|x86.ActiveCfg = Debug|x86
		{38A0278B-F91A-4AAB-A2BB-FF49CEA03A99}.Debug|x86.Build.0 = Debug|x86
		{38A0278B-F91A-4AAB-A2BB-FF49CEA03A99}.Debug|x86.Deploy.0 = Debug|x86
		{38A0278B-F91A-4AAB-A2BB-FF49CEA03A99}.Release|Any CPU.ActiveCfg = Release|Any CPU
		{38A0278B-F91A-4AAB-A2BB-FF49CEA03A99}.Release|Any CPU.Build.0 = Release|Any CPU
		{38A0278B-F91A-4AAB-A2BB-FF49CEA03A99}.Release|Any CPU.Deploy.0 = Release|Any CPU
		{38A0278B-F91A-4AAB-A2BB-FF49CEA03A99}.Release|ARM.ActiveCfg = Release|ARM
		{38A0278B-F91A-4AAB-A2BB-FF49CEA03A99}.Release|ARM.Build.0 = Release|ARM
		{38A0278B-F91A-4AAB-A2BB-FF49CEA03A99}.Release|ARM.Deploy.0 = Release|ARM
		{38A0278B-F91A-4AAB-A2BB-FF49CEA03A99}.Release|iPhone.ActiveCfg = Release|Any CPU
		{38A0278B-F91A-4AAB-A2BB-FF49CEA03A99}.Release|iPhone.Build.0 = Release|Any CPU
		{38A0278B-F91A-4AAB-A2BB-FF49CEA03A99}.Release|iPhone.Deploy.0 = Release|Any CPU
		{38A0278B-F91A-4AAB-A2BB-FF49CEA03A99}.Release|iPhoneSimulator.ActiveCfg = Release|Any CPU
		{38A0278B-F91A-4AAB-A2BB-FF49CEA03A99}.Release|iPhoneSimulator.Build.0 = Release|Any CPU
		{38A0278B-F91A-4AAB-A2BB-FF49CEA03A99}.Release|iPhoneSimulator.Deploy.0 = Release|Any CPU
		{38A0278B-F91A-4AAB-A2BB-FF49CEA03A99}.Release|x64.ActiveCfg = Release|x64
		{38A0278B-F91A-4AAB-A2BB-FF49CEA03A99}.Release|x64.Build.0 = Release|x64
		{38A0278B-F91A-4AAB-A2BB-FF49CEA03A99}.Release|x64.Deploy.0 = Release|x64
		{38A0278B-F91A-4AAB-A2BB-FF49CEA03A99}.Release|x86.ActiveCfg = Release|x86
		{38A0278B-F91A-4AAB-A2BB-FF49CEA03A99}.Release|x86.Build.0 = Release|x86
		{38A0278B-F91A-4AAB-A2BB-FF49CEA03A99}.Release|x86.Deploy.0 = Release|x86
		{5B27DB6D-8793-4B40-928E-B975605FF667}.Ad-Hoc|Any CPU.ActiveCfg = Release|Any CPU
		{5B27DB6D-8793-4B40-928E-B975605FF667}.Ad-Hoc|Any CPU.Build.0 = Release|Any CPU
		{5B27DB6D-8793-4B40-928E-B975605FF667}.Ad-Hoc|Any CPU.Deploy.0 = Release|Any CPU
		{5B27DB6D-8793-4B40-928E-B975605FF667}.Ad-Hoc|ARM.ActiveCfg = Release|ARM
		{5B27DB6D-8793-4B40-928E-B975605FF667}.Ad-Hoc|ARM.Build.0 = Release|ARM
		{5B27DB6D-8793-4B40-928E-B975605FF667}.Ad-Hoc|ARM.Deploy.0 = Release|ARM
		{5B27DB6D-8793-4B40-928E-B975605FF667}.Ad-Hoc|iPhone.ActiveCfg = Release|Any CPU
		{5B27DB6D-8793-4B40-928E-B975605FF667}.Ad-Hoc|iPhone.Build.0 = Release|Any CPU
		{5B27DB6D-8793-4B40-928E-B975605FF667}.Ad-Hoc|iPhone.Deploy.0 = Release|Any CPU
		{5B27DB6D-8793-4B40-928E-B975605FF667}.Ad-Hoc|iPhoneSimulator.ActiveCfg = Release|Any CPU
		{5B27DB6D-8793-4B40-928E-B975605FF667}.Ad-Hoc|iPhoneSimulator.Build.0 = Release|Any CPU
		{5B27DB6D-8793-4B40-928E-B975605FF667}.Ad-Hoc|iPhoneSimulator.Deploy.0 = Release|Any CPU
		{5B27DB6D-8793-4B40-928E-B975605FF667}.Ad-Hoc|x64.ActiveCfg = Release|Any CPU
		{5B27DB6D-8793-4B40-928E-B975605FF667}.Ad-Hoc|x64.Build.0 = Release|Any CPU
		{5B27DB6D-8793-4B40-928E-B975605FF667}.Ad-Hoc|x64.Deploy.0 = Release|Any CPU
		{5B27DB6D-8793-4B40-928E-B975605FF667}.Ad-Hoc|x86.ActiveCfg = Release|x86
		{5B27DB6D-8793-4B40-928E-B975605FF667}.Ad-Hoc|x86.Build.0 = Release|x86
		{5B27DB6D-8793-4B40-928E-B975605FF667}.Ad-Hoc|x86.Deploy.0 = Release|x86
		{5B27DB6D-8793-4B40-928E-B975605FF667}.AppStore|Any CPU.ActiveCfg = Release|Any CPU
		{5B27DB6D-8793-4B40-928E-B975605FF667}.AppStore|Any CPU.Build.0 = Release|Any CPU
		{5B27DB6D-8793-4B40-928E-B975605FF667}.AppStore|Any CPU.Deploy.0 = Release|Any CPU
		{5B27DB6D-8793-4B40-928E-B975605FF667}.AppStore|ARM.ActiveCfg = Release|ARM
		{5B27DB6D-8793-4B40-928E-B975605FF667}.AppStore|ARM.Build.0 = Release|ARM
		{5B27DB6D-8793-4B40-928E-B975605FF667}.AppStore|ARM.Deploy.0 = Release|ARM
		{5B27DB6D-8793-4B40-928E-B975605FF667}.AppStore|iPhone.ActiveCfg = Release|Any CPU
		{5B27DB6D-8793-4B40-928E-B975605FF667}.AppStore|iPhone.Build.0 = Release|Any CPU
		{5B27DB6D-8793-4B40-928E-B975605FF667}.AppStore|iPhone.Deploy.0 = Release|Any CPU
		{5B27DB6D-8793-4B40-928E-B975605FF667}.AppStore|iPhoneSimulator.ActiveCfg = Release|Any CPU
		{5B27DB6D-8793-4B40-928E-B975605FF667}.AppStore|iPhoneSimulator.Build.0 = Release|Any CPU
		{5B27DB6D-8793-4B40-928E-B975605FF667}.AppStore|iPhoneSimulator.Deploy.0 = Release|Any CPU
		{5B27DB6D-8793-4B40-928E-B975605FF667}.AppStore|x64.ActiveCfg = Release|Any CPU
		{5B27DB6D-8793-4B40-928E-B975605FF667}.AppStore|x64.Build.0 = Release|Any CPU
		{5B27DB6D-8793-4B40-928E-B975605FF667}.AppStore|x64.Deploy.0 = Release|Any CPU
		{5B27DB6D-8793-4B40-928E-B975605FF667}.AppStore|x86.ActiveCfg = Release|x86
		{5B27DB6D-8793-4B40-928E-B975605FF667}.AppStore|x86.Build.0 = Release|x86
		{5B27DB6D-8793-4B40-928E-B975605FF667}.AppStore|x86.Deploy.0 = Release|x86
		{5B27DB6D-8793-4B40-928E-B975605FF667}.Debug|Any CPU.ActiveCfg = Debug|Any CPU
		{5B27DB6D-8793-4B40-928E-B975605FF667}.Debug|Any CPU.Build.0 = Debug|Any CPU
		{5B27DB6D-8793-4B40-928E-B975605FF667}.Debug|Any CPU.Deploy.0 = Debug|Any CPU
		{5B27DB6D-8793-4B40-928E-B975605FF667}.Debug|ARM.ActiveCfg = Debug|ARM
		{5B27DB6D-8793-4B40-928E-B975605FF667}.Debug|ARM.Build.0 = Debug|ARM
		{5B27DB6D-8793-4B40-928E-B975605FF667}.Debug|ARM.Deploy.0 = Debug|ARM
		{5B27DB6D-8793-4B40-928E-B975605FF667}.Debug|iPhone.ActiveCfg = Debug|Any CPU
		{5B27DB6D-8793-4B40-928E-B975605FF667}.Debug|iPhone.Build.0 = Debug|Any CPU
		{5B27DB6D-8793-4B40-928E-B975605FF667}.Debug|iPhone.Deploy.0 = Debug|Any CPU
		{5B27DB6D-8793-4B40-928E-B975605FF667}.Debug|iPhoneSimulator.ActiveCfg = Debug|Any CPU
		{5B27DB6D-8793-4B40-928E-B975605FF667}.Debug|iPhoneSimulator.Build.0 = Debug|Any CPU
		{5B27DB6D-8793-4B40-928E-B975605FF667}.Debug|iPhoneSimulator.Deploy.0 = Debug|Any CPU
		{5B27DB6D-8793-4B40-928E-B975605FF667}.Debug|x64.ActiveCfg = Debug|Any CPU
		{5B27DB6D-8793-4B40-928E-B975605FF667}.Debug|x64.Build.0 = Debug|Any CPU
		{5B27DB6D-8793-4B40-928E-B975605FF667}.Debug|x64.Deploy.0 = Debug|Any CPU
		{5B27DB6D-8793-4B40-928E-B975605FF667}.Debug|x86.ActiveCfg = Debug|x86
		{5B27DB6D-8793-4B40-928E-B975605FF667}.Debug|x86.Build.0 = Debug|x86
		{5B27DB6D-8793-4B40-928E-B975605FF667}.Debug|x86.Deploy.0 = Debug|x86
		{5B27DB6D-8793-4B40-928E-B975605FF667}.Release|Any CPU.ActiveCfg = Release|Any CPU
		{5B27DB6D-8793-4B40-928E-B975605FF667}.Release|Any CPU.Build.0 = Release|Any CPU
		{5B27DB6D-8793-4B40-928E-B975605FF667}.Release|Any CPU.Deploy.0 = Release|Any CPU
		{5B27DB6D-8793-4B40-928E-B975605FF667}.Release|ARM.ActiveCfg = Release|ARM
		{5B27DB6D-8793-4B40-928E-B975605FF667}.Release|ARM.Build.0 = Release|ARM
		{5B27DB6D-8793-4B40-928E-B975605FF667}.Release|ARM.Deploy.0 = Release|ARM
		{5B27DB6D-8793-4B40-928E-B975605FF667}.Release|iPhone.ActiveCfg = Release|Any CPU
		{5B27DB6D-8793-4B40-928E-B975605FF667}.Release|iPhone.Build.0 = Release|Any CPU
		{5B27DB6D-8793-4B40-928E-B975605FF667}.Release|iPhone.Deploy.0 = Release|Any CPU
		{5B27DB6D-8793-4B40-928E-B975605FF667}.Release|iPhoneSimulator.ActiveCfg = Release|Any CPU
		{5B27DB6D-8793-4B40-928E-B975605FF667}.Release|iPhoneSimulator.Build.0 = Release|Any CPU
		{5B27DB6D-8793-4B40-928E-B975605FF667}.Release|iPhoneSimulator.Deploy.0 = Release|Any CPU
		{5B27DB6D-8793-4B40-928E-B975605FF667}.Release|x64.ActiveCfg = Release|Any CPU
		{5B27DB6D-8793-4B40-928E-B975605FF667}.Release|x64.Build.0 = Release|Any CPU
		{5B27DB6D-8793-4B40-928E-B975605FF667}.Release|x64.Deploy.0 = Release|Any CPU
		{5B27DB6D-8793-4B40-928E-B975605FF667}.Release|x86.ActiveCfg = Release|x86
		{5B27DB6D-8793-4B40-928E-B975605FF667}.Release|x86.Build.0 = Release|x86
		{5B27DB6D-8793-4B40-928E-B975605FF667}.Release|x86.Deploy.0 = Release|x86
	EndGlobalSection
	GlobalSection(SolutionProperties) = preSolution
		HideSolutionNode = FALSE
	EndGlobalSection
	GlobalSection(NestedProjects) = preSolution
		{936BBEC9-43CB-4D6A-8D97-C8A29F7B5FFE} = {406B9FBF-01F3-4292-A861-E4A2313F46BC}
		{A6926683-F457-4424-8B07-4ECD0A96CBE2} = {406B9FBF-01F3-4292-A861-E4A2313F46BC}
		{D28BD024-98B4-43A8-A489-BB7B1E65D524} = {406B9FBF-01F3-4292-A861-E4A2313F46BC}
		{41DACE55-2D92-4AC8-B9FD-91010A13ABF0} = {406B9FBF-01F3-4292-A861-E4A2313F46BC}
		{38A0278B-F91A-4AAB-A2BB-FF49CEA03A99} = {406B9FBF-01F3-4292-A861-E4A2313F46BC}
		{5B27DB6D-8793-4B40-928E-B975605FF667} = {406B9FBF-01F3-4292-A861-E4A2313F46BC}
	EndGlobalSection
EndGlobal
